// !$*UTF8*$!
{
	archiveVersion = 1;
	classes = {
	};
	objectVersion = 55;
	objects = {

/* Begin PBXBuildFile section */
		32ACCCF12870BDF0009C8A1F /* SkinGuardAI.swift in Sources */ = {isa = PBXBuildFile; fileRef = 32ACCCF02870BDF0009C8A1F /* SkinGuardAI.swift */; };
		32ACCCF32870BDF0009C8A1F /* ContentView.swift in Sources */ = {isa = PBXBuildFile; fileRef = 32ACCCF22870BDF0009C8A1F /* ContentView.swift */; };
		32ACCCF52870BDF4009C8A1F /* Assets.xcassets in Resources */ = {isa = PBXBuildFile; fileRef = 32ACCCF42870BDF4009C8A1F /* Assets.xcassets */; };
		32ACCCF82870BDF4009C8A1F /* Preview Assets.xcassets in Resources */ = {isa = PBXBuildFile; fileRef = 32ACCCF72870BDF4009C8A1F /* Preview Assets.xcassets */; };
		32ACCCFF2870C0E7009C8A1F /* Home.swift in Sources */ = {isa = PBXBuildFile; fileRef = 32ACCCFE2870C0E7009C8A1F /* Home.swift */; };
		32ACCD012870C0FE009C8A1F /* DiagnosisView.swift in Sources */ = {isa = PBXBuildFile; fileRef = 32ACCD002870C0FE009C8A1F /* DiagnosisView.swift */; };
		32ACCD072870CBBC009C8A1F /* ImagePicker.swift in Sources */ = {isa = PBXBuildFile; fileRef = 32ACCD062870CBBC009C8A1F /* ImagePicker.swift */; };
/* End PBXBuildFile section */

/* Begin PBXFileReference section */
		32ACCCED2870BDF0009C8A1F /* SkinGuardAI.app */ = {isa = PBXFileReference; explicitFileType = wrapper.application; includeInIndex = 0; path = SkinGuardAI.app; sourceTree = BUILT_PRODUCTS_DIR; };
		32ACCCF02870BDF0009C8A1F /* SkinGuardAI.swift */ = {isa = PBXFileReference; lastKnownFileType = sourcecode.swift; path = SkinGuardAI.swift; sourceTree = "<group>"; };
		32ACCCF22870BDF0009C8A1F /* ContentView.swift */ = {isa = PBXFileReference; lastKnownFileType = sourcecode.swift; path = ContentView.swift; sourceTree = "<group>"; };
		32ACCCF42870BDF4009C8A1F /* Assets.xcassets */ = {isa = PBXFileReference; lastKnownFileType = folder.assetcatalog; path = Assets.xcassets; sourceTree = "<group>"; };
		32ACCCF72870BDF4009C8A1F /* Preview Assets.xcassets */ = {isa = PBXFileReference; lastKnownFileType = folder.assetcatalog; path = "Preview Assets.xcassets"; sourceTree = "<group>"; };
		32ACCCFE2870C0E7009C8A1F /* Home.swift */ = {isa = PBXFileReference; lastKnownFileType = sourcecode.swift; path = Home.swift; sourceTree = "<group>"; };
		32ACCD002870C0FE009C8A1F /* DiagnosisView.swift */ = {isa = PBXFileReference; lastKnownFileType = sourcecode.swift; path = DiagnosisView.swift; sourceTree = "<group>"; };
		32ACCD062870CBBC009C8A1F /* ImagePicker.swift */ = {isa = PBXFileReference; lastKnownFileType = sourcecode.swift; path = ImagePicker.swift; sourceTree = "<group>"; };
/* End PBXFileReference section */

/* Begin PBXFrameworksBuildPhase section */
		32ACCCEA2870BDF0009C8A1F /* Frameworks */ = {
			isa = PBXFrameworksBuildPhase;
			buildActionMask = 2147483647;
			files = (
			);
			runOnlyForDeploymentPostprocessing = 0;
		};
/* End PBXFrameworksBuildPhase section */

/* Begin PBXGroup section */
		32ACCCE42870BDF0009C8A1F = {
			isa = PBXGroup;
			children = (
				32ACCCEF2870BDF0009C8A1F /* SkinGuardAI */,
				32ACCCEE2870BDF0009C8A1F /* Products */,
			);
			sourceTree = "<group>";
		};
		32ACCCEE2870BDF0009C8A1F /* Products */ = {
			isa = PBXGroup;
			children = (
				32ACCCED2870BDF0009C8A1F /* SkinGuardAI.app */,
			);
			name = Products;
			sourceTree = "<group>";
		};
		32ACCCEF2870BDF0009C8A1F /* SkinGuardAI */ = {
			isa = PBXGroup;
			children = (
				32ACCCF02870BDF0009C8A1F /* SkinGuardAI.swift */,
				32ACCCF22870BDF0009C8A1F /* ContentView.swift */,
				32ACCCFE2870C0E7009C8A1F /* Home.swift */,
				32ACCD002870C0FE009C8A1F /* DiagnosisView.swift */,
				32ACCD062870CBBC009C8A1F /* ImagePicker.swift */,
				32ACCCF42870BDF4009C8A1F /* Assets.xcassets */,
				32ACCCF62870BDF4009C8A1F /* Preview Content */,
			);
			path = SkinGuardAI;
			sourceTree = "<group>";
		};
		32ACCCF62870BDF4009C8A1F /* Preview Content */ = {
			isa = PBXGroup;
			children = (
				32ACCCF72870BDF4009C8A1F /* Preview Assets.xcassets */,
			);
			path = "Preview Content";
			sourceTree = "<group>";
		};
/* End PBXGroup section */

/* Begin PBXNativeTarget section */
		32ACCCEC2870BDF0009C8A1F /* SkinGuardAI */ = {
			isa = PBXNativeTarget;
			buildConfigurationList = 32ACCCFB2870BDF4009C8A1F /* Build configuration list for PBXNativeTarget "SkinGuardAI" */;
			buildPhases = (
				32ACCCE92870BDF0009C8A1F /* Sources */,
				32ACCCEA2870BDF0009C8A1F /* Frameworks */,
				32ACCCEB2870BDF0009C8A1F /* Resources */,
			);
			buildRules = (
			);
			dependencies = (
			);
			name = SkinGuardAI;
			productName = eDoctor;
			productReference = 32ACCCED2870BDF0009C8A1F /* SkinGuardAI.app */;
			productType = "com.apple.product-type.application";
		};
/* End PBXNativeTarget section */

/* Begin PBXProject section */
		32ACCCE52870BDF0009C8A1F /* Project object */ = {
			isa = PBXProject;
			attributes = {
				BuildIndependentTargetsInParallel = 1;
				LastSwiftUpdateCheck = 1340;
				LastUpgradeCheck = 1340;
				TargetAttributes = {
					32ACCCEC2870BDF0009C8A1F = {
						CreatedOnToolsVersion = 13.4.1;
					};
				};
			};
			buildConfigurationList = 32ACCCE82870BDF0009C8A1F /* Build configuration list for PBXProject "SkinGuardAI" */;
			compatibilityVersion = "Xcode 13.0";
			developmentRegion = en;
			hasScannedForEncodings = 0;
			knownRegions = (
				en,
				Base,
			);
			mainGroup = 32ACCCE42870BDF0009C8A1F;
			productRefGroup = 32ACCCEE2870BDF0009C8A1F /* Products */;
			projectDirPath = "";
			projectRoot = "";
			targets = (
				32ACCCEC2870BDF0009C8A1F /* SkinGuardAI */,
			);
		};
/* End PBXProject section */

/* Begin PBXResourcesBuildPhase section */
		32ACCCEB2870BDF0009C8A1F /* Resources */ = {
			isa = PBXResourcesBuildPhase;
			buildActionMask = 2147483647;
			files = (
				32ACCCF82870BDF4009C8A1F /* Preview Assets.xcassets in Resources */,
				32ACCCF52870BDF4009C8A1F /* Assets.xcassets in Resources */,
			);
			runOnlyForDeploymentPostprocessing = 0;
		};
/* End PBXResourcesBuildPhase section */

/* Begin PBXSourcesBuildPhase section */
		32ACCCE92870BDF0009C8A1F /* Sources */ = {
			isa = PBXSourcesBuildPhase;
			buildActionMask = 2147483647;
			files = (
				32ACCCF32870BDF0009C8A1F /* ContentView.swift in Sources */,
				32ACCCFF2870C0E7009C8A1F /* Home.swift in Sources */,
				32ACCD072870CBBC009C8A1F /* ImagePicker.swift in Sources */,
				32ACCD012870C0FE009C8A1F /* DiagnosisView.swift in Sources */,
				32ACCCF12870BDF0009C8A1F /* SkinGuardAI.swift in Sources */,
			);
			runOnlyForDeploymentPostprocessing = 0;
		};
/* End PBXSourcesBuildPhase section */

/* Begin XCBuildConfiguration section */
		32ACCCF92870BDF4009C8A1F /* Debug */ = {
			isa = XCBuildConfiguration;
			buildSettings = {
				ALWAYS_SEARCH_USER_PATHS = NO;
				CLANG_ANALYZER_NONNULL = YES;
				CLANG_ANALYZER_NUMBER_OBJECT_CONVERSION = YES_AGGRESSIVE;
				CLANG_CXX_LANGUAGE_STANDARD = "gnu++17";
				CLANG_ENABLE_MODULES = YES;
				CLANG_ENABLE_OBJC_ARC = YES;
				CLANG_ENABLE_OBJC_WEAK = YES;
				CLANG_WARN_BLOCK_CAPTURE_AUTORELEASING = YES;
				CLANG_WARN_BOOL_CONVERSION = YES;
				CLANG_WARN_COMMA = YES;
				CLANG_WARN_CONSTANT_CONVERSION = YES;
				CLANG_WARN_DEPRECATED_OBJC_IMPLEMENTATIONS = YES;
				CLANG_WARN_DIRECT_OBJC_ISA_USAGE = YES_ERROR;
				CLANG_WARN_DOCUMENTATION_COMMENTS = YES;
				CLANG_WARN_EMPTY_BODY = YES;
				CLANG_WARN_ENUM_CONVERSION = YES;
				CLANG_WARN_INFINITE_RECURSION = YES;
				CLANG_WARN_INT_CONVERSION = YES;
				CLANG_WARN_NON_LITERAL_NULL_CONVERSION = YES;
				CLANG_WARN_OBJC_IMPLICIT_RETAIN_SELF = YES;
				CLANG_WARN_OBJC_LITERAL_CONVERSION = YES;
				CLANG_WARN_OBJC_ROOT_CLASS = YES_ERROR;
				CLANG_WARN_QUOTED_INCLUDE_IN_FRAMEWORK_HEADER = YES;
				CLANG_WARN_RANGE_LOOP_ANALYSIS = YES;
				CLANG_WARN_STRICT_PROTOTYPES = YES;
				CLANG_WARN_SUSPICIOUS_MOVE = YES;
				CLANG_WARN_UNGUARDED_AVAILABILITY = YES_AGGRESSIVE;
				CLANG_WARN_UNREACHABLE_CODE = YES;
				CLANG_WARN__DUPLICATE_METHOD_MATCH = YES;
				COPY_PHASE_STRIP = NO;
				DEBUG_INFORMATION_FORMAT = dwarf;
				ENABLE_STRICT_OBJC_MSGSEND = YES;
				ENABLE_TESTABILITY = YES;
				GCC_C_LANGUAGE_STANDARD = gnu11;
				GCC_DYNAMIC_NO_PIC = NO;
				GCC_NO_COMMON_BLOCKS = YES;
				GCC_OPTIMIZATION_LEVEL = 0;
				GCC_PREPROCESSOR_DEFINITIONS = (
					"DEBUG=1",
					"$(inherited)",
				);
				GCC_WARN_64_TO_32_BIT_CONVERSION = YES;
				GCC_WARN_ABOUT_RETURN_TYPE = YES_ERROR;
				GCC_WARN_UNDECLARED_SELECTOR = YES;
				GCC_WARN_UNINITIALIZED_AUTOS = YES_AGGRESSIVE;
				GCC_WARN_UNUSED_FUNCTION = YES;
				GCC_WARN_UNUSED_VARIABLE = YES;
				IPHONEOS_DEPLOYMENT_TARGET = 15.5;
				MTL_ENABLE_DEBUG_INFO = INCLUDE_SOURCE;
				MTL_FAST_MATH = YES;
				ONLY_ACTIVE_ARCH = YES;
				SDKROOT = iphoneos;
				SWIFT_ACTIVE_COMPILATION_CONDITIONS = DEBUG;
				SWIFT_OPTIMIZATION_LEVEL = "-Onone";
			};
			name = Debug;
		};
		32ACCCFA2870BDF4009C8A1F /* Release */ = {
			isa = XCBuildConfiguration;
			buildSettings = {
				ALWAYS_SEARCH_USER_PATHS = NO;
				CLANG_ANALYZER_NONNULL = YES;
				CLANG_ANALYZER_NUMBER_OBJECT_CONVERSION = YES_AGGRESSIVE;
				CLANG_CXX_LANGUAGE_STANDARD = "gnu++17";
				CLANG_ENABLE_MODULES = YES;
				CLANG_ENABLE_OBJC_ARC = YES;
				CLANG_ENABLE_OBJC_WEAK = YES;
				CLANG_WARN_BLOCK_CAPTURE_AUTORELEASING = YES;
				CLANG_WARN_BOOL_CONVERSION = YES;
				CLANG_WARN_COMMA = YES;
				CLANG_WARN_CONSTANT_CONVERSION = YES;
				CLANG_WARN_DEPRECATED_OBJC_IMPLEMENTATIONS = YES;
				CLANG_WARN_DIRECT_OBJC_ISA_USAGE = YES_ERROR;
				CLANG_WARN_DOCUMENTATION_COMMENTS = YES;
				CLANG_WARN_EMPTY_BODY = YES;
				CLANG_WARN_ENUM_CONVERSION = YES;
				CLANG_WARN_INFINITE_RECURSION = YES;
				CLANG_WARN_INT_CONVERSION = YES;
				CLANG_WARN_NON_LITERAL_NULL_CONVERSION = YES;
				CLANG_WARN_OBJC_IMPLICIT_RETAIN_SELF = YES;
				CLANG_WARN_OBJC_LITERAL_CONVERSION = YES;
				CLANG_WARN_OBJC_ROOT_CLASS = YES_ERROR;
				CLANG_WARN_QUOTED_INCLUDE_IN_FRAMEWORK_HEADER = YES;
				CLANG_WARN_RANGE_LOOP_ANALYSIS = YES;
				CLANG_WARN_STRICT_PROTOTYPES = YES;
				CLANG_WARN_SUSPICIOUS_MOVE = YES;
				CLANG_WARN_UNGUARDED_AVAILABILITY = YES_AGGRESSIVE;
				CLANG_WARN_UNREACHABLE_CODE = YES;
				CLANG_WARN__DUPLICATE_METHOD_MATCH = YES;
				COPY_PHASE_STRIP = NO;
				DEBUG_INFORMATION_FORMAT = "dwarf-with-dsym";
				ENABLE_NS_ASSERTIONS = NO;
				ENABLE_STRICT_OBJC_MSGSEND = YES;
				GCC_C_LANGUAGE_STANDARD = gnu11;
				GCC_NO_COMMON_BLOCKS = YES;
				GCC_WARN_64_TO_32_BIT_CONVERSION = YES;
				GCC_WARN_ABOUT_RETURN_TYPE = YES_ERROR;
				GCC_WARN_UNDECLARED_SELECTOR = YES;
				GCC_WARN_UNINITIALIZED_AUTOS = YES_AGGRESSIVE;
				GCC_WARN_UNUSED_FUNCTION = YES;
				GCC_WARN_UNUSED_VARIABLE = YES;
				IPHONEOS_DEPLOYMENT_TARGET = 15.5;
				MTL_ENABLE_DEBUG_INFO = NO;
				MTL_FAST_MATH = YES;
				SDKROOT = iphoneos;
				SWIFT_COMPILATION_MODE = wholemodule;
				SWIFT_OPTIMIZATION_LEVEL = "-O";
				VALIDATE_PRODUCT = YES;
			};
			name = Release;
		};
		32ACCCFC2870BDF4009C8A1F /* Debug */ = {
			isa = XCBuildConfiguration;
			buildSettings = {
				ASSETCATALOG_COMPILER_APPICON_NAME = AppIcon;
				ASSETCATALOG_COMPILER_GLOBAL_ACCENT_COLOR_NAME = AccentColor;
				CODE_SIGN_STYLE = Automatic;
				CURRENT_PROJECT_VERSION = 1;
				DEVELOPMENT_ASSET_PATHS = "\"SkinGuardAI/Preview Content\"";
				DEVELOPMENT_TEAM = YPWZ38WLH2;
				ENABLE_PREVIEWS = YES;
				GENERATE_INFOPLIST_FILE = YES;
				INFOPLIST_KEY_UIApplicationSceneManifest_Generation = YES;
				INFOPLIST_KEY_UIApplicationSupportsIndirectInputEvents = YES;
				INFOPLIST_KEY_UILaunchScreen_Generation = YES;
				INFOPLIST_KEY_UISupportedInterfaceOrientations_iPad = "UIInterfaceOrientationPortrait UIInterfaceOrientationPortraitUpsideDown UIInterfaceOrientationLandscapeLeft UIInterfaceOrientationLandscapeRight";
				INFOPLIST_KEY_UISupportedInterfaceOrientations_iPhone = "UIInterfaceOrientationPortrait UIInterfaceOrientationLandscapeLeft UIInterfaceOrientationLandscapeRight";
				LD_RUNPATH_SEARCH_PATHS = (
					"$(inherited)",
					"@executable_path/Frameworks",
				);
				MARKETING_VERSION = 1.0;
				PRODUCT_BUNDLE_IDENTIFIER = com.rishabjain.skinGuardAI;
				PRODUCT_NAME = SkinGuardAI;
				SWIFT_EMIT_LOC_STRINGS = YES;
				SWIFT_VERSION = 5.0;
				TARGETED_DEVICE_FAMILY = "1,2";
			};
			name = Debug;
		};
		32ACCCFD2870BDF4009C8A1F /* Release */ = {
			isa = XCBuildConfiguration;
			buildSettings = {
				ASSETCATALOG_COMPILER_APPICON_NAME = AppIcon;
				ASSETCATALOG_COMPILER_GLOBAL_ACCENT_COLOR_NAME = AccentColor;
				CODE_SIGN_STYLE = Automatic;
				CURRENT_PROJECT_VERSION = 1;
				DEVELOPMENT_ASSET_PATHS = "\"SkinGuardAI/Preview Content\"";
				DEVELOPMENT_TEAM = YPWZ38WLH2;
				ENABLE_PREVIEWS = YES;
				GENERATE_INFOPLIST_FILE = YES;
				INFOPLIST_KEY_UIApplicationSceneManifest_Generation = YES;
				INFOPLIST_KEY_UIApplicationSupportsIndirectInputEvents = YES;
				INFOPLIST_KEY_UILaunchScreen_Generation = YES;
				INFOPLIST_KEY_UISupportedInterfaceOrientations_iPad = "UIInterfaceOrientationPortrait UIInterfaceOrientationPortraitUpsideDown UIInterfaceOrientationLandscapeLeft UIInterfaceOrientationLandscapeRight";
				INFOPLIST_KEY_UISupportedInterfaceOrientations_iPhone = "UIInterfaceOrientationPortrait UIInterfaceOrientationLandscapeLeft UIInterfaceOrientationLandscapeRight";
				LD_RUNPATH_SEARCH_PATHS = (
					"$(inherited)",
					"@executable_path/Frameworks",
				);
				MARKETING_VERSION = 1.0;
				PRODUCT_BUNDLE_IDENTIFIER = com.rishabjain.skinGuardAI;
				PRODUCT_NAME = SkinGuardAI;
				SWIFT_EMIT_LOC_STRINGS = YES;
				SWIFT_VERSION = 5.0;
				TARGETED_DEVICE_FAMILY = "1,2";
			};
			name = Release;
		};
/* End XCBuildConfiguration section */

/* Begin XCConfigurationList section */
		32ACCCE82870BDF0009C8A1F /* Build configuration list for PBXProject "SkinGuardAI" */ = {
			isa = XCConfigurationList;
			buildConfigurations = (
				32ACCCF92870BDF4009C8A1F /* Debug */,
				32ACCCFA2870BDF4009C8A1F /* Release */,
			);
			defaultConfigurationIsVisible = 0;
			defaultConfigurationName = Release;
		};
		32ACCCFB2870BDF4009C8A1F /* Build configuration list for PBXNativeTarget "SkinGuardAI" */ = {
			isa = XCConfigurationList;
			buildConfigurations = (
				32ACCCFC2870BDF4009C8A1F /* Debug */,
				32ACCCFD2870BDF4009C8A1F /* Release */,
			);
			defaultConfigurationIsVisible = 0;
			defaultConfigurationName = Release;
		};
/* End XCConfigurationList section */
	};
	rootObject = 32ACCCE52870BDF0009C8A1F /* Project object */;
}
